// !$*UTF8*$!
{
	archiveVersion = 1;
	classes = {
	};
	objectVersion = 51;
	objects = {

/* Begin PBXBuildFile section */
		11F8E8D412415576296C4699 /* Pods_VideoTest.framework in Frameworks */ = {isa = PBXBuildFile; fileRef = 2924A70ABE8C465DFF38CE94 /* Pods_VideoTest.framework */; };
		9443AFE726BC25D90097EDE0 /* AppDelegate.swift in Sources */ = {isa = PBXBuildFile; fileRef = 9443AFE626BC25D90097EDE0 /* AppDelegate.swift */; };
		9443AFE926BC25D90097EDE0 /* SceneDelegate.swift in Sources */ = {isa = PBXBuildFile; fileRef = 9443AFE826BC25D90097EDE0 /* SceneDelegate.swift */; };
		9443AFEB26BC25D90097EDE0 /* ViewController.swift in Sources */ = {isa = PBXBuildFile; fileRef = 9443AFEA26BC25D90097EDE0 /* ViewController.swift */; };
		9443AFEE26BC25D90097EDE0 /* Main.storyboard in Resources */ = {isa = PBXBuildFile; fileRef = 9443AFEC26BC25D90097EDE0 /* Main.storyboard */; };
		9443AFF026BC25DB0097EDE0 /* Assets.xcassets in Resources */ = {isa = PBXBuildFile; fileRef = 9443AFEF26BC25DB0097EDE0 /* Assets.xcassets */; };
		9443AFF326BC25DB0097EDE0 /* LaunchScreen.storyboard in Resources */ = {isa = PBXBuildFile; fileRef = 9443AFF126BC25DB0097EDE0 /* LaunchScreen.storyboard */; };
		9443AFFB26C43FB70097EDE0 /* Shaders.metal in Sources */ = {isa = PBXBuildFile; fileRef = 9443AFFA26C43FB60097EDE0 /* Shaders.metal */; };
		9443AFFD26C596D00097EDE0 /* Renderer.swift in Sources */ = {isa = PBXBuildFile; fileRef = 9443AFFC26C596CF0097EDE0 /* Renderer.swift */; };
		9443B00126C5CB9E0097EDE0 /* Utils.swift in Sources */ = {isa = PBXBuildFile; fileRef = 9443B00026C5CB9E0097EDE0 /* Utils.swift */; };
/* End PBXBuildFile section */

/* Begin PBXFileReference section */
		2924A70ABE8C465DFF38CE94 /* Pods_VideoTest.framework */ = {isa = PBXFileReference; explicitFileType = wrapper.framework; includeInIndex = 0; path = Pods_VideoTest.framework; sourceTree = BUILT_PRODUCTS_DIR; };
		5669B4FFD7D207DA2700033A /* Pods-VideoTest.release.xcconfig */ = {isa = PBXFileReference; includeInIndex = 1; lastKnownFileType = text.xcconfig; name = "Pods-VideoTest.release.xcconfig"; path = "Target Support Files/Pods-VideoTest/Pods-VideoTest.release.xcconfig"; sourceTree = "<group>"; };
		9443AFE326BC25D80097EDE0 /* VideoTest.app */ = {isa = PBXFileReference; explicitFileType = wrapper.application; includeInIndex = 0; path = VideoTest.app; sourceTree = BUILT_PRODUCTS_DIR; };
		9443AFE626BC25D90097EDE0 /* AppDelegate.swift */ = {isa = PBXFileReference; lastKnownFileType = sourcecode.swift; path = AppDelegate.swift; sourceTree = "<group>"; };
		9443AFE826BC25D90097EDE0 /* SceneDelegate.swift */ = {isa = PBXFileReference; lastKnownFileType = sourcecode.swift; path = SceneDelegate.swift; sourceTree = "<group>"; };
		9443AFEA26BC25D90097EDE0 /* ViewController.swift */ = {isa = PBXFileReference; lastKnownFileType = sourcecode.swift; path = ViewController.swift; sourceTree = "<group>"; };
		9443AFED26BC25D90097EDE0 /* Base */ = {isa = PBXFileReference; lastKnownFileType = file.storyboard; name = Base; path = Base.lproj/Main.storyboard; sourceTree = "<group>"; };
		9443AFEF26BC25DB0097EDE0 /* Assets.xcassets */ = {isa = PBXFileReference; lastKnownFileType = folder.assetcatalog; path = Assets.xcassets; sourceTree = "<group>"; };
		9443AFF226BC25DB0097EDE0 /* Base */ = {isa = PBXFileReference; lastKnownFileType = file.storyboard; name = Base; path = Base.lproj/LaunchScreen.storyboard; sourceTree = "<group>"; };
		9443AFF426BC25DB0097EDE0 /* Info.plist */ = {isa = PBXFileReference; lastKnownFileType = text.plist.xml; path = Info.plist; sourceTree = "<group>"; };
		9443AFFA26C43FB60097EDE0 /* Shaders.metal */ = {isa = PBXFileReference; lastKnownFileType = sourcecode.metal; path = Shaders.metal; sourceTree = "<group>"; };
		9443AFFC26C596CF0097EDE0 /* Renderer.swift */ = {isa = PBXFileReference; lastKnownFileType = sourcecode.swift; path = Renderer.swift; sourceTree = "<group>"; };
		9443B00026C5CB9E0097EDE0 /* Utils.swift */ = {isa = PBXFileReference; lastKnownFileType = sourcecode.swift; path = Utils.swift; sourceTree = "<group>"; };
		E0921B46EAB4DEDA40E0E9FC /* Pods-VideoTest.debug.xcconfig */ = {isa = PBXFileReference; includeInIndex = 1; lastKnownFileType = text.xcconfig; name = "Pods-VideoTest.debug.xcconfig"; path = "Target Support Files/Pods-VideoTest/Pods-VideoTest.debug.xcconfig"; sourceTree = "<group>"; };
/* End PBXFileReference section */

/* Begin PBXFrameworksBuildPhase section */
		9443AFE026BC25D80097EDE0 /* Frameworks */ = {
			isa = PBXFrameworksBuildPhase;
			buildActionMask = 2147483647;
			files = (
				11F8E8D412415576296C4699 /* Pods_VideoTest.framework in Frameworks */,
			);
			runOnlyForDeploymentPostprocessing = 0;
		};
/* End PBXFrameworksBuildPhase section */

/* Begin PBXGroup section */
		62B8F20F2D59E73C35CFC17D /* Frameworks */ = {
			isa = PBXGroup;
			children = (
				2924A70ABE8C465DFF38CE94 /* Pods_VideoTest.framework */,
			);
			name = Frameworks;
			sourceTree = "<group>";
		};
		9443AFDA26BC25D80097EDE0 = {
			isa = PBXGroup;
			children = (
				9443AFE526BC25D90097EDE0 /* VideoTest */,
				9443AFE426BC25D80097EDE0 /* Products */,
				A69B084DC4E8DAEC44F518F6 /* Pods */,
				62B8F20F2D59E73C35CFC17D /* Frameworks */,
			);
			sourceTree = "<group>";
		};
		9443AFE426BC25D80097EDE0 /* Products */ = {
			isa = PBXGroup;
			children = (
				9443AFE326BC25D80097EDE0 /* VideoTest.app */,
			);
			name = Products;
			sourceTree = "<group>";
		};
		9443AFE526BC25D90097EDE0 /* VideoTest */ = {
			isa = PBXGroup;
			children = (
				9443AFE626BC25D90097EDE0 /* AppDelegate.swift */,
				9443AFE826BC25D90097EDE0 /* SceneDelegate.swift */,
				9443AFEA26BC25D90097EDE0 /* ViewController.swift */,
				9443AFFA26C43FB60097EDE0 /* Shaders.metal */,
				9443AFEC26BC25D90097EDE0 /* Main.storyboard */,
				9443AFEF26BC25DB0097EDE0 /* Assets.xcassets */,
				9443AFF126BC25DB0097EDE0 /* LaunchScreen.storyboard */,
				9443AFF426BC25DB0097EDE0 /* Info.plist */,
				9443AFFC26C596CF0097EDE0 /* Renderer.swift */,
				9443B00026C5CB9E0097EDE0 /* Utils.swift */,
			);
			path = VideoTest;
			sourceTree = "<group>";
		};
		A69B084DC4E8DAEC44F518F6 /* Pods */ = {
			isa = PBXGroup;
			children = (
				E0921B46EAB4DEDA40E0E9FC /* Pods-VideoTest.debug.xcconfig */,
				5669B4FFD7D207DA2700033A /* Pods-VideoTest.release.xcconfig */,
			);
			path = Pods;
			sourceTree = "<group>";
		};
/* End PBXGroup section */

/* Begin PBXNativeTarget section */
		9443AFE226BC25D80097EDE0 /* VideoTest */ = {
			isa = PBXNativeTarget;
			buildConfigurationList = 9443AFF726BC25DB0097EDE0 /* Build configuration list for PBXNativeTarget "VideoTest" */;
			buildPhases = (
				7606FFDA9C23FE4691ADBE73 /* [CP] Check Pods Manifest.lock */,
				9443AFDF26BC25D80097EDE0 /* Sources */,
				9443AFE026BC25D80097EDE0 /* Frameworks */,
				9443AFE126BC25D80097EDE0 /* Resources */,
				16B7652F6BE75E2A96210C7E /* [CP] Embed Pods Frameworks */,
			);
			buildRules = (
			);
			dependencies = (
			);
			name = VideoTest;
			productName = VideoTest;
			productReference = 9443AFE326BC25D80097EDE0 /* VideoTest.app */;
			productType = "com.apple.product-type.application";
		};
/* End PBXNativeTarget section */

/* Begin PBXProject section */
		9443AFDB26BC25D80097EDE0 /* Project object */ = {
			isa = PBXProject;
			attributes = {
				LastSwiftUpdateCheck = 1250;
				LastUpgradeCheck = 1250;
				TargetAttributes = {
					9443AFE226BC25D80097EDE0 = {
						CreatedOnToolsVersion = 12.5.1;
					};
				};
			};
			buildConfigurationList = 9443AFDE26BC25D80097EDE0 /* Build configuration list for PBXProject "VideoTest" */;
			compatibilityVersion = "Xcode 9.3";
			developmentRegion = en;
			hasScannedForEncodings = 0;
			knownRegions = (
				en,
				Base,
			);
			mainGroup = 9443AFDA26BC25D80097EDE0;
			productRefGroup = 9443AFE426BC25D80097EDE0 /* Products */;
			projectDirPath = "";
			projectRoot = "";
			targets = (
				9443AFE226BC25D80097EDE0 /* VideoTest */,
			);
		};
/* End PBXProject section */

/* Begin PBXResourcesBuildPhase section */
		9443AFE126BC25D80097EDE0 /* Resources */ = {
			isa = PBXResourcesBuildPhase;
			buildActionMask = 2147483647;
			files = (
				9443AFF326BC25DB0097EDE0 /* LaunchScreen.storyboard in Resources */,
				9443AFF026BC25DB0097EDE0 /* Assets.xcassets in Resources */,
				9443AFEE26BC25D90097EDE0 /* Main.storyboard in Resources */,
			);
			runOnlyForDeploymentPostprocessing = 0;
		};
/* End PBXResourcesBuildPhase section */

/* Begin PBXShellScriptBuildPhase section */
		16B7652F6BE75E2A96210C7E /* [CP] Embed Pods Frameworks */ = {
			isa = PBXShellScriptBuildPhase;
			buildActionMask = 2147483647;
			files = (
			);
			inputFileListPaths = (
				"${PODS_ROOT}/Target Support Files/Pods-VideoTest/Pods-VideoTest-frameworks-${CONFIGURATION}-input-files.xcfilelist",
			);
			name = "[CP] Embed Pods Frameworks";
			outputFileListPaths = (
				"${PODS_ROOT}/Target Support Files/Pods-VideoTest/Pods-VideoTest-frameworks-${CONFIGURATION}-output-files.xcfilelist",
			);
			runOnlyForDeploymentPostprocessing = 0;
			shellPath = /bin/sh;
			shellScript = "\"${PODS_ROOT}/Target Support Files/Pods-VideoTest/Pods-VideoTest-frameworks.sh\"\n";
			showEnvVarsInLog = 0;
		};
		7606FFDA9C23FE4691ADBE73 /* [CP] Check Pods Manifest.lock */ = {
			isa = PBXShellScriptBuildPhase;
			buildActionMask = 2147483647;
			files = (
			);
			inputFileListPaths = (
			);
			inputPaths = (
				"${PODS_PODFILE_DIR_PATH}/Podfile.lock",
				"${PODS_ROOT}/Manifest.lock",
			);
			name = "[CP] Check Pods Manifest.lock";
			outputFileListPaths = (
			);
			outputPaths = (
				"$(DERIVED_FILE_DIR)/Pods-VideoTest-checkManifestLockResult.txt",
			);
			runOnlyForDeploymentPostprocessing = 0;
			shellPath = /bin/sh;
			shellScript = "diff \"${PODS_PODFILE_DIR_PATH}/Podfile.lock\" \"${PODS_ROOT}/Manifest.lock\" > /dev/null\nif [ $? != 0 ] ; then\n    # print error to STDERR\n    echo \"error: The sandbox is not in sync with the Podfile.lock. Run 'pod install' or update your CocoaPods installation.\" >&2\n    exit 1\nfi\n# This output is used by Xcode 'outputs' to avoid re-running this script phase.\necho \"SUCCESS\" > \"${SCRIPT_OUTPUT_FILE_0}\"\n";
			showEnvVarsInLog = 0;
		};
/* End PBXShellScriptBuildPhase section */

/* Begin PBXSourcesBuildPhase section */
		9443AFDF26BC25D80097EDE0 /* Sources */ = {
			isa = PBXSourcesBuildPhase;
			buildActionMask = 2147483647;
			files = (
				9443AFFB26C43FB70097EDE0 /* Shaders.metal in Sources */,
				9443AFEB26BC25D90097EDE0 /* ViewController.swift in Sources */,
				9443AFE726BC25D90097EDE0 /* AppDelegate.swift in Sources */,
				9443AFFD26C596D00097EDE0 /* Renderer.swift in Sources */,
				9443AFE926BC25D90097EDE0 /* SceneDelegate.swift in Sources */,
				9443B00126C5CB9E0097EDE0 /* Utils.swift in Sources */,
			);
			runOnlyForDeploymentPostprocessing = 0;
		};
/* End PBXSourcesBuildPhase section */

/* Begin PBXVariantGroup section */
		9443AFEC26BC25D90097EDE0 /* Main.storyboard */ = {
			isa = PBXVariantGroup;
			children = (
				9443AFED26BC25D90097EDE0 /* Base */,
			);
			name = Main.storyboard;
			sourceTree = "<group>";
		};
		9443AFF126BC25DB0097EDE0 /* LaunchScreen.storyboard */ = {
			isa = PBXVariantGroup;
			children = (
				9443AFF226BC25DB0097EDE0 /* Base */,
			);
			name = LaunchScreen.storyboard;
			sourceTree = "<group>";
		};
/* End PBXVariantGroup section */

/* Begin XCBuildConfiguration section */
		9443AFF526BC25DB0097EDE0 /* Debug */ = {
			isa = XCBuildConfiguration;
			buildSettings = {
				ALWAYS_SEARCH_USER_PATHS = NO;
				CLANG_ANALYZER_NONNULL = YES;
				CLANG_ANALYZER_NUMBER_OBJECT_CONVERSION = YES_AGGRESSIVE;
				CLANG_CXX_LANGUAGE_STANDARD = "gnu++14";
				CLANG_CXX_LIBRARY = "libc++";
				CLANG_ENABLE_MODULES = YES;
				CLANG_ENABLE_OBJC_ARC = YES;
				CLANG_ENABLE_OBJC_WEAK = YES;
				CLANG_WARN_BLOCK_CAPTURE_AUTORELEASING = YES;
				CLANG_WARN_BOOL_CONVERSION = YES;
				CLANG_WARN_COMMA = YES;
				CLANG_WARN_CONSTANT_CONVERSION = YES;
				CLANG_WARN_DEPRECATED_OBJC_IMPLEMENTATIONS = YES;
				CLANG_WARN_DIRECT_OBJC_ISA_USAGE = YES_ERROR;
				CLANG_WARN_DOCUMENTATION_COMMENTS = YES;
				CLANG_WARN_EMPTY_BODY = YES;
				CLANG_WARN_ENUM_CONVERSION = YES;
				CLANG_WARN_INFINITE_RECURSION = YES;
				CLANG_WARN_INT_CONVERSION = YES;
				CLANG_WARN_NON_LITERAL_NULL_CONVERSION = YES;
				CLANG_WARN_OBJC_IMPLICIT_RETAIN_SELF = YES;
				CLANG_WARN_OBJC_LITERAL_CONVERSION = YES;
				CLANG_WARN_OBJC_ROOT_CLASS = YES_ERROR;
				CLANG_WARN_QUOTED_INCLUDE_IN_FRAMEWORK_HEADER = YES;
				CLANG_WARN_RANGE_LOOP_ANALYSIS = YES;
				CLANG_WARN_STRICT_PROTOTYPES = YES;
				CLANG_WARN_SUSPICIOUS_MOVE = YES;
				CLANG_WARN_UNGUARDED_AVAILABILITY = YES_AGGRESSIVE;
				CLANG_WARN_UNREACHABLE_CODE = YES;
				CLANG_WARN__DUPLICATE_METHOD_MATCH = YES;
				COPY_PHASE_STRIP = NO;
				DEBUG_INFORMATION_FORMAT = dwarf;
				ENABLE_STRICT_OBJC_MSGSEND = YES;
				ENABLE_TESTABILITY = YES;
				GCC_C_LANGUAGE_STANDARD = gnu11;
				GCC_DYNAMIC_NO_PIC = NO;
				GCC_NO_COMMON_BLOCKS = YES;
				GCC_OPTIMIZATION_LEVEL = 0;
				GCC_PREPROCESSOR_DEFINITIONS = (
					"DEBUG=1",
					"$(inherited)",
				);
				GCC_WARN_64_TO_32_BIT_CONVERSION = YES;
				GCC_WARN_ABOUT_RETURN_TYPE = YES_ERROR;
				GCC_WARN_UNDECLARED_SELECTOR = YES;
				GCC_WARN_UNINITIALIZED_AUTOS = YES_AGGRESSIVE;
				GCC_WARN_UNUSED_FUNCTION = YES;
				GCC_WARN_UNUSED_VARIABLE = YES;
				IPHONEOS_DEPLOYMENT_TARGET = 14.5;
				MTL_ENABLE_DEBUG_INFO = INCLUDE_SOURCE;
				MTL_FAST_MATH = YES;
				ONLY_ACTIVE_ARCH = YES;
				SDKROOT = iphoneos;
				SWIFT_ACTIVE_COMPILATION_CONDITIONS = DEBUG;
				SWIFT_OPTIMIZATION_LEVEL = "-Onone";
			};
			name = Debug;
		};
		9443AFF626BC25DB0097EDE0 /* Release */ = {
			isa = XCBuildConfiguration;
			buildSettings = {
				ALWAYS_SEARCH_USER_PATHS = NO;
				CLANG_ANALYZER_NONNULL = YES;
				CLANG_ANALYZER_NUMBER_OBJECT_CONVERSION = YES_AGGRESSIVE;
				CLANG_CXX_LANGUAGE_STANDARD = "gnu++14";
				CLANG_CXX_LIBRARY = "libc++";
				CLANG_ENABLE_MODULES = YES;
				CLANG_ENABLE_OBJC_ARC = YES;
				CLANG_ENABLE_OBJC_WEAK = YES;
				CLANG_WARN_BLOCK_CAPTURE_AUTORELEASING = YES;
				CLANG_WARN_BOOL_CONVERSION = YES;
				CLANG_WARN_COMMA = YES;
				CLANG_WARN_CONSTANT_CONVERSION = YES;
				CLANG_WARN_DEPRECATED_OBJC_IMPLEMENTATIONS = YES;
				CLANG_WARN_DIRECT_OBJC_ISA_USAGE = YES_ERROR;
				CLANG_WARN_DOCUMENTATION_COMMENTS = YES;
				CLANG_WARN_EMPTY_BODY = YES;
				CLANG_WARN_ENUM_CONVERSION = YES;
				CLANG_WARN_INFINITE_RECURSION = YES;
				CLANG_WARN_INT_CONVERSION = YES;
				CLANG_WARN_NON_LITERAL_NULL_CONVERSION = YES;
				CLANG_WARN_OBJC_IMPLICIT_RETAIN_SELF = YES;
				CLANG_WARN_OBJC_LITERAL_CONVERSION = YES;
				CLANG_WARN_OBJC_ROOT_CLASS = YES_ERROR;
				CLANG_WARN_QUOTED_INCLUDE_IN_FRAMEWORK_HEADER = YES;
				CLANG_WARN_RANGE_LOOP_ANALYSIS = YES;
				CLANG_WARN_STRICT_PROTOTYPES = YES;
				CLANG_WARN_SUSPICIOUS_MOVE = YES;
				CLANG_WARN_UNGUARDED_AVAILABILITY = YES_AGGRESSIVE;
				CLANG_WARN_UNREACHABLE_CODE = YES;
				CLANG_WARN__DUPLICATE_METHOD_MATCH = YES;
				COPY_PHASE_STRIP = NO;
				DEBUG_INFORMATION_FORMAT = "dwarf-with-dsym";
				ENABLE_NS_ASSERTIONS = NO;
				ENABLE_STRICT_OBJC_MSGSEND = YES;
				GCC_C_LANGUAGE_STANDARD = gnu11;
				GCC_NO_COMMON_BLOCKS = YES;
				GCC_WARN_64_TO_32_BIT_CONVERSION = YES;
				GCC_WARN_ABOUT_RETURN_TYPE = YES_ERROR;
				GCC_WARN_UNDECLARED_SELECTOR = YES;
				GCC_WARN_UNINITIALIZED_AUTOS = YES_AGGRESSIVE;
				GCC_WARN_UNUSED_FUNCTION = YES;
				GCC_WARN_UNUSED_VARIABLE = YES;
				IPHONEOS_DEPLOYMENT_TARGET = 14.5;
				MTL_ENABLE_DEBUG_INFO = NO;
				MTL_FAST_MATH = YES;
				SDKROOT = iphoneos;
				SWIFT_COMPILATION_MODE = wholemodule;
				SWIFT_OPTIMIZATION_LEVEL = "-O";
				VALIDATE_PRODUCT = YES;
			};
			name = Release;
		};
		9443AFF826BC25DB0097EDE0 /* Debug */ = {
			isa = XCBuildConfiguration;
			baseConfigurationReference = E0921B46EAB4DEDA40E0E9FC /* Pods-VideoTest.debug.xcconfig */;
			buildSettings = {
				ASSETCATALOG_COMPILER_APPICON_NAME = AppIcon;
				ASSETCATALOG_COMPILER_GLOBAL_ACCENT_COLOR_NAME = AccentColor;
				CODE_SIGN_STYLE = Automatic;
				DEVELOPMENT_TEAM = 6U4F343KMP;
				INFOPLIST_FILE = VideoTest/Info.plist;
				IPHONEOS_DEPLOYMENT_TARGET = 12.3;
				LD_RUNPATH_SEARCH_PATHS = (
					"$(inherited)",
					"@executable_path/Frameworks",
				);
				PRODUCT_BUNDLE_IDENTIFIER = com.GavaTest.VideoTest;
				PRODUCT_NAME = "$(TARGET_NAME)";
				SWIFT_VERSION = 5.0;
				TARGETED_DEVICE_FAMILY = "1,2";
			};
			name = Debug;
		};
		9443AFF926BC25DB0097EDE0 /* Release */ = {
			isa = XCBuildConfiguration;
			baseConfigurationReference = 5669B4FFD7D207DA2700033A /* Pods-VideoTest.release.xcconfig */;
			buildSettings = {
				ASSETCATALOG_COMPILER_APPICON_NAME = AppIcon;
				ASSETCATALOG_COMPILER_GLOBAL_ACCENT_COLOR_NAME = AccentColor;
				CODE_SIGN_STYLE = Automatic;
				DEVELOPMENT_TEAM = 6U4F343KMP;
				INFOPLIST_FILE = VideoTest/Info.plist;
				IPHONEOS_DEPLOYMENT_TARGET = 12.3;
				LD_RUNPATH_SEARCH_PATHS = (
					"$(inherited)",
					"@executable_path/Frameworks",
				);
				PRODUCT_BUNDLE_IDENTIFIER = com.GavaTest.VideoTest;
				PRODUCT_NAME = "$(TARGET_NAME)";
				SWIFT_VERSION = 5.0;
				TARGETED_DEVICE_FAMILY = "1,2";
			};
			name = Release;
		};
/* End XCBuildConfiguration section */

/* Begin XCConfigurationList section */
		9443AFDE26BC25D80097EDE0 /* Build configuration list for PBXProject "VideoTest" */ = {
			isa = XCConfigurationList;
			buildConfigurations = (
				9443AFF526BC25DB0097EDE0 /* Debug */,
				9443AFF626BC25DB0097EDE0 /* Release */,
			);
			defaultConfigurationIsVisible = 0;
			defaultConfigurationName = Release;
		};
		9443AFF726BC25DB0097EDE0 /* Build configuration list for PBXNativeTarget "VideoTest" */ = {
			isa = XCConfigurationList;
			buildConfigurations = (
				9443AFF826BC25DB0097EDE0 /* Debug */,
				9443AFF926BC25DB0097EDE0 /* Release */,
			);
			defaultConfigurationIsVisible = 0;
			defaultConfigurationName = Release;
		};
/* End XCConfigurationList section */
	};
	rootObject = 9443AFDB26BC25D80097EDE0 /* Project object */;
}
